// !$*UTF8*$!
{
	archiveVersion = 1;
	classes = {
	};
	objectVersion = 48;
	objects = {

/* Begin PBXBuildFile section */
		030D411820334D6C003974CB /* UIImageView+DownloadImage.swift in Sources */ = {isa = PBXBuildFile; fileRef = 030D411720334D6C003974CB /* UIImageView+DownloadImage.swift */; };
		03236B81202E0BE3001039CF /* SearchResultCell.xib in Resources */ = {isa = PBXBuildFile; fileRef = 03236B80202E0BE3001039CF /* SearchResultCell.xib */; };
		03236B83202E15F2001039CF /* SearchResultCell.swift in Sources */ = {isa = PBXBuildFile; fileRef = 03236B82202E15F2001039CF /* SearchResultCell.swift */; };
		03236B86202E1A32001039CF /* NothingFoundCell.swift in Sources */ = {isa = PBXBuildFile; fileRef = 03236B84202E1A32001039CF /* NothingFoundCell.swift */; };
		03236B87202E1A32001039CF /* NothingFoundCell.xib in Resources */ = {isa = PBXBuildFile; fileRef = 03236B85202E1A32001039CF /* NothingFoundCell.xib */; };
		032E1C05202C952F00D16884 /* SearchResult.swift in Sources */ = {isa = PBXBuildFile; fileRef = 032E1C04202C952F00D16884 /* SearchResult.swift */; };
		033AB8D92030AC17008F3CDF /* LoadingCell.xib in Resources */ = {isa = PBXBuildFile; fileRef = 033AB8D82030AC17008F3CDF /* LoadingCell.xib */; };
		03F336A3202AB4AD001E7FAF /* AppDelegate.swift in Sources */ = {isa = PBXBuildFile; fileRef = 03F336A2202AB4AD001E7FAF /* AppDelegate.swift */; };
		03F336A5202AB4AD001E7FAF /* SearchViewController.swift in Sources */ = {isa = PBXBuildFile; fileRef = 03F336A4202AB4AD001E7FAF /* SearchViewController.swift */; };
		03F336A8202AB4AD001E7FAF /* Main.storyboard in Resources */ = {isa = PBXBuildFile; fileRef = 03F336A6202AB4AD001E7FAF /* Main.storyboard */; };
		03F336AA202AB4AD001E7FAF /* Assets.xcassets in Resources */ = {isa = PBXBuildFile; fileRef = 03F336A9202AB4AD001E7FAF /* Assets.xcassets */; };
/* End PBXBuildFile section */

/* Begin PBXFileReference section */
		030D411720334D6C003974CB /* UIImageView+DownloadImage.swift */ = {isa = PBXFileReference; lastKnownFileType = sourcecode.swift; path = "UIImageView+DownloadImage.swift"; sourceTree = "<group>"; };
		03236B80202E0BE3001039CF /* SearchResultCell.xib */ = {isa = PBXFileReference; lastKnownFileType = file.xib; path = SearchResultCell.xib; sourceTree = "<group>"; };
		03236B82202E15F2001039CF /* SearchResultCell.swift */ = {isa = PBXFileReference; lastKnownFileType = sourcecode.swift; path = SearchResultCell.swift; sourceTree = "<group>"; };
		03236B84202E1A32001039CF /* NothingFoundCell.swift */ = {isa = PBXFileReference; lastKnownFileType = sourcecode.swift; path = NothingFoundCell.swift; sourceTree = "<group>"; };
		03236B85202E1A32001039CF /* NothingFoundCell.xib */ = {isa = PBXFileReference; lastKnownFileType = file.xib; path = NothingFoundCell.xib; sourceTree = "<group>"; };
		032E1C04202C952F00D16884 /* SearchResult.swift */ = {isa = PBXFileReference; lastKnownFileType = sourcecode.swift; path = SearchResult.swift; sourceTree = "<group>"; };
		033AB8D82030AC17008F3CDF /* LoadingCell.xib */ = {isa = PBXFileReference; lastKnownFileType = file.xib; path = LoadingCell.xib; sourceTree = "<group>"; };
		03F3369F202AB4AD001E7FAF /* StoreSearch.app */ = {isa = PBXFileReference; explicitFileType = wrapper.application; includeInIndex = 0; path = StoreSearch.app; sourceTree = BUILT_PRODUCTS_DIR; };
		03F336A2202AB4AD001E7FAF /* AppDelegate.swift */ = {isa = PBXFileReference; lastKnownFileType = sourcecode.swift; path = AppDelegate.swift; sourceTree = "<group>"; };
		03F336A4202AB4AD001E7FAF /* SearchViewController.swift */ = {isa = PBXFileReference; lastKnownFileType = sourcecode.swift; path = SearchViewController.swift; sourceTree = "<group>"; };
		03F336A7202AB4AD001E7FAF /* Base */ = {isa = PBXFileReference; lastKnownFileType = file.storyboard; name = Base; path = Base.lproj/Main.storyboard; sourceTree = "<group>"; };
		03F336A9202AB4AD001E7FAF /* Assets.xcassets */ = {isa = PBXFileReference; lastKnownFileType = folder.assetcatalog; path = Assets.xcassets; sourceTree = "<group>"; };
		03F336AE202AB4AD001E7FAF /* Info.plist */ = {isa = PBXFileReference; lastKnownFileType = text.plist.xml; path = Info.plist; sourceTree = "<group>"; };
/* End PBXFileReference section */

/* Begin PBXFrameworksBuildPhase section */
		03F3369C202AB4AD001E7FAF /* Frameworks */ = {
			isa = PBXFrameworksBuildPhase;
			buildActionMask = 2147483647;
			files = (
			);
			runOnlyForDeploymentPostprocessing = 0;
		};
/* End PBXFrameworksBuildPhase section */

/* Begin PBXGroup section */
		03236B7F202E0B91001039CF /* Cells */ = {
			isa = PBXGroup;
			children = (
				03236B80202E0BE3001039CF /* SearchResultCell.xib */,
				03236B85202E1A32001039CF /* NothingFoundCell.xib */,
				033AB8D82030AC17008F3CDF /* LoadingCell.xib */,
				03236B82202E15F2001039CF /* SearchResultCell.swift */,
				03236B84202E1A32001039CF /* NothingFoundCell.swift */,
			);
			path = Cells;
			sourceTree = "<group>";
		};
		032E1C03202C94B700D16884 /* My clases and structs */ = {
			isa = PBXGroup;
			children = (
				032E1C04202C952F00D16884 /* SearchResult.swift */,
				030D411720334D6C003974CB /* UIImageView+DownloadImage.swift */,
			);
			path = "My clases and structs";
			sourceTree = "<group>";
		};
		03F33696202AB4AD001E7FAF = {
			isa = PBXGroup;
			children = (
				03236B7F202E0B91001039CF /* Cells */,
				032E1C03202C94B700D16884 /* My clases and structs */,
				03F336A1202AB4AD001E7FAF /* StoreSearch */,
				03F336A0202AB4AD001E7FAF /* Products */,
			);
			sourceTree = "<group>";
		};
		03F336A0202AB4AD001E7FAF /* Products */ = {
			isa = PBXGroup;
			children = (
				03F3369F202AB4AD001E7FAF /* StoreSearch.app */,
			);
			name = Products;
			sourceTree = "<group>";
		};
		03F336A1202AB4AD001E7FAF /* StoreSearch */ = {
			isa = PBXGroup;
			children = (
				03F336A2202AB4AD001E7FAF /* AppDelegate.swift */,
				03F336A4202AB4AD001E7FAF /* SearchViewController.swift */,
				03F336A6202AB4AD001E7FAF /* Main.storyboard */,
				03F336A9202AB4AD001E7FAF /* Assets.xcassets */,
				03F336AE202AB4AD001E7FAF /* Info.plist */,
			);
			path = StoreSearch;
			sourceTree = "<group>";
		};
/* End PBXGroup section */

/* Begin PBXNativeTarget section */
		03F3369E202AB4AD001E7FAF /* StoreSearch */ = {
			isa = PBXNativeTarget;
			buildConfigurationList = 03F336B1202AB4AD001E7FAF /* Build configuration list for PBXNativeTarget "StoreSearch" */;
			buildPhases = (
				03F3369B202AB4AD001E7FAF /* Sources */,
				03F3369C202AB4AD001E7FAF /* Frameworks */,
				03F3369D202AB4AD001E7FAF /* Resources */,
			);
			buildRules = (
			);
			dependencies = (
			);
			name = StoreSearch;
			productName = StoreSearch;
			productReference = 03F3369F202AB4AD001E7FAF /* StoreSearch.app */;
			productType = "com.apple.product-type.application";
		};
/* End PBXNativeTarget section */

/* Begin PBXProject section */
		03F33697202AB4AD001E7FAF /* Project object */ = {
			isa = PBXProject;
			attributes = {
				LastSwiftUpdateCheck = 0920;
				LastUpgradeCheck = 0920;
				ORGANIZATIONNAME = "Nik's";
				TargetAttributes = {
					03F3369E202AB4AD001E7FAF = {
						CreatedOnToolsVersion = 9.2;
						ProvisioningStyle = Automatic;
					};
				};
			};
			buildConfigurationList = 03F3369A202AB4AD001E7FAF /* Build configuration list for PBXProject "StoreSearch" */;
			compatibilityVersion = "Xcode 8.0";
			developmentRegion = en;
			hasScannedForEncodings = 0;
			knownRegions = (
				en,
				Base,
			);
			mainGroup = 03F33696202AB4AD001E7FAF;
			productRefGroup = 03F336A0202AB4AD001E7FAF /* Products */;
			projectDirPath = "";
			projectRoot = "";
			targets = (
				03F3369E202AB4AD001E7FAF /* StoreSearch */,
			);
		};
/* End PBXProject section */

/* Begin PBXResourcesBuildPhase section */
		03F3369D202AB4AD001E7FAF /* Resources */ = {
			isa = PBXResourcesBuildPhase;
			buildActionMask = 2147483647;
			files = (
				03F336AA202AB4AD001E7FAF /* Assets.xcassets in Resources */,
				033AB8D92030AC17008F3CDF /* LoadingCell.xib in Resources */,
				03236B81202E0BE3001039CF /* SearchResultCell.xib in Resources */,
				03236B87202E1A32001039CF /* NothingFoundCell.xib in Resources */,
				03F336A8202AB4AD001E7FAF /* Main.storyboard in Resources */,
			);
			runOnlyForDeploymentPostprocessing = 0;
		};
/* End PBXResourcesBuildPhase section */

/* Begin PBXSourcesBuildPhase section */
		03F3369B202AB4AD001E7FAF /* Sources */ = {
			isa = PBXSourcesBuildPhase;
			buildActionMask = 2147483647;
			files = (
				03F336A5202AB4AD001E7FAF /* SearchViewController.swift in Sources */,
				032E1C05202C952F00D16884 /* SearchResult.swift in Sources */,
				030D411820334D6C003974CB /* UIImageView+DownloadImage.swift in Sources */,
				03236B86202E1A32001039CF /* NothingFoundCell.swift in Sources */,
				03236B83202E15F2001039CF /* SearchResultCell.swift in Sources */,
				03F336A3202AB4AD001E7FAF /* AppDelegate.swift in Sources */,
			);
			runOnlyForDeploymentPostprocessing = 0;
		};
/* End PBXSourcesBuildPhase section */

/* Begin PBXVariantGroup section */
		03F336A6202AB4AD001E7FAF /* Main.storyboard */ = {
			isa = PBXVariantGroup;
			children = (
				03F336A7202AB4AD001E7FAF /* Base */,
			);
			name = Main.storyboard;
			sourceTree = "<group>";
		};
/* End PBXVariantGroup section */

/* Begin XCBuildConfiguration section */
		03F336AF202AB4AD001E7FAF /* Debug */ = {
			isa = XCBuildConfiguration;
			buildSettings = {
				ALWAYS_SEARCH_USER_PATHS = NO;
				CLANG_ANALYZER_NONNULL = YES;
				CLANG_ANALYZER_NUMBER_OBJECT_CONVERSION = YES_AGGRESSIVE;
				CLANG_CXX_LANGUAGE_STANDARD = "gnu++14";
				CLANG_CXX_LIBRARY = "libc++";
				CLANG_ENABLE_MODULES = YES;
				CLANG_ENABLE_OBJC_ARC = YES;
				CLANG_WARN_BLOCK_CAPTURE_AUTORELEASING = YES;
				CLANG_WARN_BOOL_CONVERSION = YES;
				CLANG_WARN_COMMA = YES;
				CLANG_WARN_CONSTANT_CONVERSION = YES;
				CLANG_WARN_DIRECT_OBJC_ISA_USAGE = YES_ERROR;
				CLANG_WARN_DOCUMENTATION_COMMENTS = YES;
				CLANG_WARN_EMPTY_BODY = YES;
				CLANG_WARN_ENUM_CONVERSION = YES;
				CLANG_WARN_INFINITE_RECURSION = YES;
				CLANG_WARN_INT_CONVERSION = YES;
				CLANG_WARN_NON_LITERAL_NULL_CONVERSION = YES;
				CLANG_WARN_OBJC_LITERAL_CONVERSION = YES;
				CLANG_WARN_OBJC_ROOT_CLASS = YES_ERROR;
				CLANG_WARN_RANGE_LOOP_ANALYSIS = YES;
				CLANG_WARN_STRICT_PROTOTYPES = YES;
				CLANG_WARN_SUSPICIOUS_MOVE = YES;
				CLANG_WARN_UNGUARDED_AVAILABILITY = YES_AGGRESSIVE;
				CLANG_WARN_UNREACHABLE_CODE = YES;
				CLANG_WARN__DUPLICATE_METHOD_MATCH = YES;
				CODE_SIGN_IDENTITY = "iPhone Developer";
				COPY_PHASE_STRIP = NO;
				DEBUG_INFORMATION_FORMAT = dwarf;
				ENABLE_STRICT_OBJC_MSGSEND = YES;
				ENABLE_TESTABILITY = YES;
				GCC_C_LANGUAGE_STANDARD = gnu11;
				GCC_DYNAMIC_NO_PIC = NO;
				GCC_NO_COMMON_BLOCKS = YES;
				GCC_OPTIMIZATION_LEVEL = 0;
				GCC_PREPROCESSOR_DEFINITIONS = (
					"DEBUG=1",
					"$(inherited)",
				);
				GCC_WARN_64_TO_32_BIT_CONVERSION = YES;
				GCC_WARN_ABOUT_RETURN_TYPE = YES_ERROR;
				GCC_WARN_UNDECLARED_SELECTOR = YES;
				GCC_WARN_UNINITIALIZED_AUTOS = YES_AGGRESSIVE;
				GCC_WARN_UNUSED_FUNCTION = YES;
				GCC_WARN_UNUSED_VARIABLE = YES;
				IPHONEOS_DEPLOYMENT_TARGET = 11.2;
				MTL_ENABLE_DEBUG_INFO = YES;
				ONLY_ACTIVE_ARCH = YES;
				SDKROOT = iphoneos;
				SWIFT_ACTIVE_COMPILATION_CONDITIONS = DEBUG;
				SWIFT_OPTIMIZATION_LEVEL = "-Onone";
			};
			name = Debug;
		};
		03F336B0202AB4AD001E7FAF /* Release */ = {
			isa = XCBuildConfiguration;
			buildSettings = {
				ALWAYS_SEARCH_USER_PATHS = NO;
				CLANG_ANALYZER_NONNULL = YES;
				CLANG_ANALYZER_NUMBER_OBJECT_CONVERSION = YES_AGGRESSIVE;
				CLANG_CXX_LANGUAGE_STANDARD = "gnu++14";
				CLANG_CXX_LIBRARY = "libc++";
				CLANG_ENABLE_MODULES = YES;
				CLANG_ENABLE_OBJC_ARC = YES;
				CLANG_WARN_BLOCK_CAPTURE_AUTORELEASING = YES;
				CLANG_WARN_BOOL_CONVERSION = YES;
				CLANG_WARN_COMMA = YES;
				CLANG_WARN_CONSTANT_CONVERSION = YES;
				CLANG_WARN_DIRECT_OBJC_ISA_USAGE = YES_ERROR;
				CLANG_WARN_DOCUMENTATION_COMMENTS = YES;
				CLANG_WARN_EMPTY_BODY = YES;
				CLANG_WARN_ENUM_CONVERSION = YES;
				CLANG_WARN_INFINITE_RECURSION = YES;
				CLANG_WARN_INT_CONVERSION = YES;
				CLANG_WARN_NON_LITERAL_NULL_CONVERSION = YES;
				CLANG_WARN_OBJC_LITERAL_CONVERSION = YES;
				CLANG_WARN_OBJC_ROOT_CLASS = YES_ERROR;
				CLANG_WARN_RANGE_LOOP_ANALYSIS = YES;
				CLANG_WARN_STRICT_PROTOTYPES = YES;
				CLANG_WARN_SUSPICIOUS_MOVE = YES;
				CLANG_WARN_UNGUARDED_AVAILABILITY = YES_AGGRESSIVE;
				CLANG_WARN_UNREACHABLE_CODE = YES;
				CLANG_WARN__DUPLICATE_METHOD_MATCH = YES;
				CODE_SIGN_IDENTITY = "iPhone Developer";
				COPY_PHASE_STRIP = NO;
				DEBUG_INFORMATION_FORMAT = "dwarf-with-dsym";
				ENABLE_NS_ASSERTIONS = NO;
				ENABLE_STRICT_OBJC_MSGSEND = YES;
				GCC_C_LANGUAGE_STANDARD = gnu11;
				GCC_NO_COMMON_BLOCKS = YES;
				GCC_WARN_64_TO_32_BIT_CONVERSION = YES;
				GCC_WARN_ABOUT_RETURN_TYPE = YES_ERROR;
				GCC_WARN_UNDECLARED_SELECTOR = YES;
				GCC_WARN_UNINITIALIZED_AUTOS = YES_AGGRESSIVE;
				GCC_WARN_UNUSED_FUNCTION = YES;
				GCC_WARN_UNUSED_VARIABLE = YES;
				IPHONEOS_DEPLOYMENT_TARGET = 11.2;
				MTL_ENABLE_DEBUG_INFO = NO;
				SDKROOT = iphoneos;
				SWIFT_OPTIMIZATION_LEVEL = "-Owholemodule";
				VALIDATE_PRODUCT = YES;
			};
			name = Release;
		};
		03F336B2202AB4AD001E7FAF /* Debug */ = {
			isa = XCBuildConfiguration;
			buildSettings = {
				ASSETCATALOG_COMPILER_APPICON_NAME = AppIcon;
				CODE_SIGN_STYLE = Automatic;
				DEVELOPMENT_TEAM = NGGEJ6C857;
				INFOPLIST_FILE = StoreSearch/Info.plist;
				LD_RUNPATH_SEARCH_PATHS = "$(inherited) @executable_path/Frameworks";
				PRODUCT_BUNDLE_IDENTIFIER = niks.com.StoreSearch;
				PRODUCT_NAME = "$(TARGET_NAME)";
				SWIFT_VERSION = 4.0;
				TARGETED_DEVICE_FAMILY = "1,2";
			};
			name = Debug;
		};
		03F336B3202AB4AD001E7FAF /* Release */ = {
			isa = XCBuildConfiguration;
			buildSettings = {
				ASSETCATALOG_COMPILER_APPICON_NAME = AppIcon;
				CODE_SIGN_STYLE = Automatic;
				DEVELOPMENT_TEAM = NGGEJ6C857;
				INFOPLIST_FILE = StoreSearch/Info.plist;
				LD_RUNPATH_SEARCH_PATHS = "$(inherited) @executable_path/Frameworks";
				PRODUCT_BUNDLE_IDENTIFIER = niks.com.StoreSearch;
				PRODUCT_NAME = "$(TARGET_NAME)";
				SWIFT_VERSION = 4.0;
				TARGETED_DEVICE_FAMILY = "1,2";
			};
			name = Release;
		};
/* End XCBuildConfiguration section */

/* Begin XCConfigurationList section */
		03F3369A202AB4AD001E7FAF /* Build configuration list for PBXProject "StoreSearch" */ = {
			isa = XCConfigurationList;
			buildConfigurations = (
				03F336AF202AB4AD001E7FAF /* Debug */,
				03F336B0202AB4AD001E7FAF /* Release */,
			);
			defaultConfigurationIsVisible = 0;
			defaultConfigurationName = Release;
		};
		03F336B1202AB4AD001E7FAF /* Build configuration list for PBXNativeTarget "StoreSearch" */ = {
			isa = XCConfigurationList;
			buildConfigurations = (
				03F336B2202AB4AD001E7FAF /* Debug */,
				03F336B3202AB4AD001E7FAF /* Release */,
			);
			defaultConfigurationIsVisible = 0;
			defaultConfigurationName = Release;
		};
/* End XCConfigurationList section */
	};
	rootObject = 03F33697202AB4AD001E7FAF /* Project object */;
}
